<Solution>
  <Folder Name="/src/" />
  <Folder Name="/src/Api/">
    <Project Path="src/Api/StudentRegistration.Api.csproj" />
  </Folder>
  <Folder Name="/src/Application/">
    <Project Path="src/Application/StudentRegistration.Application.csproj" />
  </Folder>
  <Folder Name="/src/Common/">
    <Project Path="src/Common/StudentRegistration.Common.csproj" />
  </Folder>
  <Folder Name="/src/Domain/">
    <Project Path="src/Domain/StudentRegistration.Domain.csproj" />
  </Folder>
  <Folder Name="/src/Infrastructure/">
    <Project Path="src/Infrastructure/StudentRegistration.Infrastructure.csproj" />
  </Folder>
  <Folder Name="/tests/" />
  <Folder Name="/tests/IntegrationTests/">
    <Project Path="tests/IntegrationTests/StudentRegistration.IntegrationTests.csproj" />
  </Folder>
  <Folder Name="/tests/UnitTests/">
    <Project Path="tests/UnitTests/StudentRegistration.Tests.csproj" />
  </Folder>
</Solution>
